<?xml version="1.0" encoding="utf-8"?>
<Project ToolsVersion="4.0" xmlns="http://schemas.microsoft.com/developer/msbuild/2003">
  <ItemGroup>
    <Filter Include="Source Files">
      <UniqueIdentifier>{4FC737F1-C7A5-4376-A066-2A32D752A2FF}</UniqueIdentifier>
      <Extensions>cpp;c;cc;cxx;def;odl;idl;hpj;bat;asm;asmx</Extensions>
    </Filter>
    <Filter Include="Header Files">
      <UniqueIdentifier>{93995380-89BD-4b04-88EB-625FBE52EBFB}</UniqueIdentifier>
      <Extensions>h;hh;hpp;hxx;hm;inl;inc;ipp;xsd</Extensions>
    </Filter>
    <Filter Include="Resource Files">
      <UniqueIdentifier>{67DA6AB6-F800-4c08-8B7A-83BB121AAD01}</UniqueIdentifier>
      <Extensions>rc;ico;cur;bmp;dlg;rc2;rct;bin;rgs;gif;jpg;jpeg;jpe;resx;tiff;tif;png;wav;mfcribbon-ms</Extensions>
    </Filter>
    <Filter Include="Header Files\ImGui">
      <UniqueIdentifier>{b826d70d-3e8f-4b7e-941f-edad62a83c15}</UniqueIdentifier>
    </Filter>
    <Filter Include="Source Files\ImGui">
      <UniqueIdentifier>{62dc37fd-ab21-4177-85a5-efaf00127a31}</UniqueIdentifier>
    </Filter>
    <Filter Include="Header Files\Scene">
      <UniqueIdentifier>{80641eef-9b3b-44a0-a058-d71c59a7f363}</UniqueIdentifier>
    </Filter>
    <Filter Include="Source Files\Scene">
      <UniqueIdentifier>{80001d0e-407d-493d-ba76-0cb571054a6f}</UniqueIdentifier>
    </Filter>
    <Filter Include="Header Files\Utils">
      <UniqueIdentifier>{58b82d23-3eda-4a27-8ac5-b5da1ba9d986}</UniqueIdentifier>
    </Filter>
    <Filter Include="Source Files\Utils">
      <UniqueIdentifier>{d190cc6c-dc55-4d9b-b389-f9b2a894cf4a}</UniqueIdentifier>
    </Filter>
    <Filter Include="Resource Files\Shaders">
      <UniqueIdentifier>{92b49a18-ecb7-4d3d-b62a-42a7e29cf7a3}</UniqueIdentifier>
    </Filter>
    <Filter Include="Header Files\Scene\Obstacle">
      <UniqueIdentifier>{d6b443c8-5bf3-4a95-8526-40fc0cce3de5}</UniqueIdentifier>
    </Filter>
    <Filter Include="Source Files\Scene\Obstacle">
      <UniqueIdentifier>{2ddc8b96-a110-4df2-aac7-142955df9783}</UniqueIdentifier>
    </Filter>
    <Filter Include="Header Files\Scene\Robot">
      <UniqueIdentifier>{e9712775-2fab-4a4f-a355-95dd5bb60878}</UniqueIdentifier>
    </Filter>
    <Filter Include="Source Files\Scene\Robot">
      <UniqueIdentifier>{578776a6-ecdc-4672-8190-096765d2bd29}</UniqueIdentifier>
    </Filter>
  </ItemGroup>
  <ItemGroup>
    <ClCompile Include="glad.c">
      <Filter>Source Files</Filter>
    </ClCompile>
    <ClCompile Include="Main.cpp">
      <Filter>Source Files</Filter>
    </ClCompile>
    <ClCompile Include="ImGui\imgui.cpp">
      <Filter>Header Files\ImGui</Filter>
    </ClCompile>
    <ClCompile Include="ImGui\imgui_impl_glfw.cpp">
      <Filter>Source Files\ImGui</Filter>
    </ClCompile>
    <ClCompile Include="ImGui\imgui_draw.cpp">
      <Filter>Source Files\ImGui</Filter>
    </ClCompile>
    <ClCompile Include="ImGui\imgui_demo.cpp">
      <Filter>Source Files\ImGui</Filter>
    </ClCompile>
    <ClCompile Include="ImGui\imgui_chart.cpp">
      <Filter>Source Files\ImGui</Filter>
    </ClCompile>
    <ClCompile Include="ImGui\imgui_impl_opengl2.cpp">
      <Filter>Source Files\ImGui</Filter>
    </ClCompile>
    <ClCompile Include="ImGui\imgui_widgets.cpp">
      <Filter>Source Files\ImGui</Filter>
    </ClCompile>
    <ClCompile Include="Utils\WindowConstants.cpp">
      <Filter>Source Files\Utils</Filter>
    </ClCompile>
    <ClCompile Include="Scene\SceneController.cpp">
      <Filter>Source Files\Scene</Filter>
    </ClCompile>
    <ClCompile Include="Scene\Axes.cpp">
      <Filter>Source Files\Scene</Filter>
    </ClCompile>
    <ClCompile Include="Scene\ImGuiController.cpp">
      <Filter>Source Files\Scene</Filter>
    </ClCompile>
    <ClCompile Include="Scene\Obstacle.cpp">
      <Filter>Source Files\Scene\Obstacle</Filter>
    </ClCompile>
    <ClCompile Include="Scene\ObstacleModel.cpp">
      <Filter>Source Files\Scene\Obstacle</Filter>
    </ClCompile>
    <ClCompile Include="Scene\ObstacleView.cpp">
      <Filter>Source Files\Scene\Obstacle</Filter>
    </ClCompile>
    <ClCompile Include="Utils\ColorConstants.cpp">
      <Filter>Source Files\Utils</Filter>
    </ClCompile>
    <ClCompile Include="Utils\ShaderConstants.cpp">
      <Filter>Source Files\Utils</Filter>
    </ClCompile>
    <ClCompile Include="Utils\WindowSizeUtils.cpp">
      <Filter>Source Files\Utils</Filter>
    </ClCompile>
    <ClCompile Include="Scene\Robot.cpp">
      <Filter>Source Files\Scene\Robot</Filter>
    </ClCompile>
    <ClCompile Include="Scene\Arm.cpp">
      <Filter>Source Files\Scene\Robot</Filter>
    </ClCompile>
    <ClCompile Include="Scene\RobotConfiguration.cpp">
      <Filter>Source Files\Scene\Robot</Filter>
    </ClCompile>
    <ClCompile Include="Scene\RobotModel.cpp">
      <Filter>Source Files\Scene\Robot</Filter>
    </ClCompile>
    <ClCompile Include="Scene\RobotView.cpp">
      <Filter>Source Files\Scene\Robot</Filter>
    </ClCompile>
    <ClCompile Include="Scene\Camera.cpp">
      <Filter>Source Files\Scene</Filter>
    </ClCompile>
  </ItemGroup>
  <ItemGroup>
    <ClInclude Include="ImGui\imconfig.h">
      <Filter>Header Files\ImGui</Filter>
    </ClInclude>
    <ClInclude Include="ImGui\imgui.h">
      <Filter>Header Files\ImGui</Filter>
    </ClInclude>
    <ClInclude Include="ImGui\imgui_chart.h">
      <Filter>Header Files\ImGui</Filter>
    </ClInclude>
    <ClInclude Include="ImGui\imgui_impl_glfw.h">
      <Filter>Header Files\ImGui</Filter>
    </ClInclude>
    <ClInclude Include="ImGui\imgui_impl_opengl2.h">
      <Filter>Header Files\ImGui</Filter>
    </ClInclude>
    <ClInclude Include="ImGui\imgui_internal.h">
      <Filter>Header Files\ImGui</Filter>
    </ClInclude>
    <ClInclude Include="ImGui\imstb_rectpack.h">
      <Filter>Header Files\ImGui</Filter>
    </ClInclude>
    <ClInclude Include="ImGui\imstb_textedit.h">
      <Filter>Header Files\ImGui</Filter>
    </ClInclude>
    <ClInclude Include="ImGui\imstb_truetype.h">
      <Filter>Header Files\ImGui</Filter>
    </ClInclude>
    <ClInclude Include="Utils\WindowConstants.h">
      <Filter>Header Files\Utils</Filter>
    </ClInclude>
    <ClInclude Include="Scene\SceneController.h">
      <Filter>Header Files\Scene</Filter>
    </ClInclude>
    <ClInclude Include="Scene\Axes.h">
      <Filter>Header Files\Scene</Filter>
    </ClInclude>
    <ClInclude Include="Scene\ImGuiController.h">
      <Filter>Header Files\Scene</Filter>
    </ClInclude>
    <ClInclude Include="Scene\Shader.h">
      <Filter>Header Files\Scene</Filter>
    </ClInclude>
    <ClInclude Include="Utils\ShaderConstants.h">
      <Filter>Header Files\Utils</Filter>
    </ClInclude>
    <ClInclude Include="Utils\ColorConstants.h">
      <Filter>Header Files\Utils</Filter>
    </ClInclude>
    <ClInclude Include="Scene\ObstacleModel.h">
      <Filter>Header Files\Scene\Obstacle</Filter>
    </ClInclude>
    <ClInclude Include="Scene\Obstacle.h">
      <Filter>Header Files\Scene\Obstacle</Filter>
    </ClInclude>
    <ClInclude Include="Scene\ObstacleView.h">
      <Filter>Header Files\Scene\Obstacle</Filter>
    </ClInclude>
    <ClInclude Include="Utils\WindowSizeUtils.h">
      <Filter>Header Files\Utils</Filter>
    </ClInclude>
    <ClInclude Include="Scene\Arm.h">
      <Filter>Header Files\Scene\Robot</Filter>
    </ClInclude>
    <ClInclude Include="Scene\Robot.h">
      <Filter>Header Files\Scene\Robot</Filter>
    </ClInclude>
    <ClInclude Include="Scene\RobotConfiguration.h">
      <Filter>Header Files\Scene\Robot</Filter>
    </ClInclude>
    <ClInclude Include="Scene\RobotModel.h">
      <Filter>Header Files\Scene\Robot</Filter>
    </ClInclude>
    <ClInclude Include="Scene\RobotView.h">
      <Filter>Header Files\Scene\Robot</Filter>
    </ClInclude>
    <ClInclude Include="Scene\Camera.h">
      <Filter>Header Files\Scene</Filter>
    </ClInclude>
  </ItemGroup>
  <ItemGroup>
    <None Include="Resources\Shaders\AxesShader.fs">
      <Filter>Resource Files\Shaders</Filter>
    </None>
    <None Include="Resources\Shaders\AxesShader.vs">
      <Filter>Resource Files\Shaders</Filter>
    </None>
    <None Include="Resources\Shaders\ObstaclesShader.fs">
      <Filter>Resource Files\Shaders</Filter>
    </None>
    <None Include="Resources\Shaders\ObstaclesShader.vs">
      <Filter>Resource Files\Shaders</Filter>
    </None>
    <None Include="Resources\Shaders\RobotShader.fs">
      <Filter>Resource Files\Shaders</Filter>
    </None>
    <None Include="Resources\Shaders\RobotShader.vs">
      <Filter>Resource Files\Shaders</Filter>
    </None>
  </ItemGroup>
</Project>